
Microsoft Visual Studio Solution File, Format Version 12.00
# Visual Studio Version 17
VisualStudioVersion = 17.9.34728.123
MinimumVisualStudioVersion = 10.0.40219.1
Project("{FAE04EC0-301F-11D3-BF4B-00C04F79EFBC}") = "BookingTour.API", "BookingTour\BookingTour.API.csproj", "{78D497F1-6559-4C44-B8AB-6788844A38F2}"
EndProject
Project("{FAE04EC0-301F-11D3-BF4B-00C04F79EFBC}") = "BookingTour.Data", "BookingTour.Data\BookingTour.Data.csproj", "{402F0F6B-1236-448A-ABA0-CD17E3E20E50}"
EndProject
Project("{FAE04EC0-301F-11D3-BF4B-00C04F79EFBC}") = "BookingTour.Model", "BookingTour.Model\BookingTour.Model.csproj", "{A694BB17-9131-4B69-8EFD-64DF073E73A4}"
EndProject
Project("{FAE04EC0-301F-11D3-BF4B-00C04F79EFBC}") = "BookingTour.Business", "BookingTour.Business\BookingTour.Business.csproj", "{6C4F1A89-B025-43D3-A92F-13D969C756D6}"
EndProject
Global
	GlobalSection(SolutionConfigurationPlatforms) = preSolution
		Debug|Any CPU = Debug|Any CPU
		Release|Any CPU = Release|Any CPU
	EndGlobalSection
	GlobalSection(ProjectConfigurationPlatforms) = postSolution
		{78D497F1-6559-4C44-B8AB-6788844A38F2}.Debug|Any CPU.ActiveCfg = Debug|Any CPU
		{78D497F1-6559-4C44-B8AB-6788844A38F2}.Debug|Any CPU.Build.0 = Debug|Any CPU
		{78D497F1-6559-4C44-B8AB-6788844A38F2}.Release|Any CPU.ActiveCfg = Release|Any CPU
		{78D497F1-6559-4C44-B8AB-6788844A38F2}.Release|Any CPU.Build.0 = Release|Any CPU
		{402F0F6B-1236-448A-ABA0-CD17E3E20E50}.Debug|Any CPU.ActiveCfg = Debug|Any CPU
		{402F0F6B-1236-448A-ABA0-CD17E3E20E50}.Debug|Any CPU.Build.0 = Debug|Any CPU
		{402F0F6B-1236-448A-ABA0-CD17E3E20E50}.Release|Any CPU.ActiveCfg = Release|Any CPU
		{402F0F6B-1236-448A-ABA0-CD17E3E20E50}.Release|Any CPU.Build.0 = Release|Any CPU
		{A694BB17-9131-4B69-8EFD-64DF073E73A4}.Debug|Any CPU.ActiveCfg = Debug|Any CPU
		{A694BB17-9131-4B69-8EFD-64DF073E73A4}.Debug|Any CPU.Build.0 = Debug|Any CPU
		{A694BB17-9131-4B69-8EFD-64DF073E73A4}.Release|Any CPU.ActiveCfg = Release|Any CPU
		{A694BB17-9131-4B69-8EFD-64DF073E73A4}.Release|Any CPU.Build.0 = Release|Any CPU
		{6C4F1A89-B025-43D3-A92F-13D969C756D6}.Debug|Any CPU.ActiveCfg = Debug|Any CPU
		{6C4F1A89-B025-43D3-A92F-13D969C756D6}.Debug|Any CPU.Build.0 = Debug|Any CPU
		{6C4F1A89-B025-43D3-A92F-13D969C756D6}.Release|Any CPU.ActiveCfg = Release|Any CPU
		{6C4F1A89-B025-43D3-A92F-13D969C756D6}.Release|Any CPU.Build.0 = Release|Any CPU
	EndGlobalSection
	GlobalSection(SolutionProperties) = preSolution
		HideSolutionNode = FALSE
	EndGlobalSection
	GlobalSection(ExtensibilityGlobals) = postSolution
		SolutionGuid = {910F23AB-102D-4EE5-88E3-7F0EBE058F6D}
	EndGlobalSection
EndGlobal
